
Microsoft Visual Studio Solution File, Format Version 12.00
# Visual Studio 15
VisualStudioVersion = 15.0.27703.2026
MinimumVisualStudioVersion = 10.0.40219.1
Project("{2150E333-8FDC-42A3-9474-1A3956D46DE8}") = "Solution Items", "Solution Items", "{8ABEA7BE-2CB6-499A-A09E-7D836F189422}"
	ProjectSection(SolutionItems) = preProject
		..\license.txt = ..\license.txt
		nuget.props = nuget.props
		..\organization.props = ..\organization.props
		..\participants.props = ..\participants.props
		..\product.props = ..\product.props
		..\product_version.props = ..\product_version.props
		..\readme.md = ..\readme.md
		source code.ruleset = source code.ruleset
	EndProjectSection
EndProject
Project("{9A19103F-16F7-4668-BE54-9A1E7A4F7556}") = "Wayout.Ssv", "Ssv\Wayout.Ssv.csproj", "{2EA3CDF2-B46D-4F44-BBE1-8CDE03CD052A}"
EndProject
Project("{9A19103F-16F7-4668-BE54-9A1E7A4F7556}") = "Wayout.Ssv_Quality", "Ssv_Quality\Wayout.Ssv_Quality.csproj", "{83B2BE96-1492-472B-A5F9-BA7015164195}"
EndProject
Global
	GlobalSection(SolutionConfigurationPlatforms) = preSolution
		Debug|Any CPU = Debug|Any CPU
		Release|Any CPU = Release|Any CPU
	EndGlobalSection
	GlobalSection(ProjectConfigurationPlatforms) = postSolution
		{2EA3CDF2-B46D-4F44-BBE1-8CDE03CD052A}.Debug|Any CPU.ActiveCfg = Debug|Any CPU
		{2EA3CDF2-B46D-4F44-BBE1-8CDE03CD052A}.Debug|Any CPU.Build.0 = Debug|Any CPU
		{2EA3CDF2-B46D-4F44-BBE1-8CDE03CD052A}.Release|Any CPU.ActiveCfg = Release|Any CPU
		{2EA3CDF2-B46D-4F44-BBE1-8CDE03CD052A}.Release|Any CPU.Build.0 = Release|Any CPU
		{83B2BE96-1492-472B-A5F9-BA7015164195}.Debug|Any CPU.ActiveCfg = Debug|Any CPU
		{83B2BE96-1492-472B-A5F9-BA7015164195}.Debug|Any CPU.Build.0 = Debug|Any CPU
		{83B2BE96-1492-472B-A5F9-BA7015164195}.Release|Any CPU.ActiveCfg = Release|Any CPU
		{83B2BE96-1492-472B-A5F9-BA7015164195}.Release|Any CPU.Build.0 = Release|Any CPU
	EndGlobalSection
	GlobalSection(SolutionProperties) = preSolution
		HideSolutionNode = FALSE
	EndGlobalSection
	GlobalSection(ExtensibilityGlobals) = postSolution
		SolutionGuid = {AE703196-5935-41FB-83E8-8DC5D4797DCF}
	EndGlobalSection
EndGlobal
